
Microsoft Visual Studio Solution File, Format Version 12.00
# Visual Studio 15
VisualStudioVersion = 15.0.26403.7
MinimumVisualStudioVersion = 10.0.40219.1
Project("{FAE04EC0-301F-11D3-BF4B-00C04F79EFBC}") = "Tiesto.Podcast", "Tiesto.Podcast.csproj", "{50C484D0-35C8-4837-8616-252BA6597EED}"
EndProject
Global
	GlobalSection(SolutionConfigurationPlatforms) = preSolution
		Debug|Any CPU = Debug|Any CPU
		Release|Any CPU = Release|Any CPU
	EndGlobalSection
	GlobalSection(ProjectConfigurationPlatforms) = postSolution
		{50C484D0-35C8-4837-8616-252BA6597EED}.Debug|Any CPU.ActiveCfg = Debug|Any CPU
		{50C484D0-35C8-4837-8616-252BA6597EED}.Debug|Any CPU.Build.0 = Debug|Any CPU
		{50C484D0-35C8-4837-8616-252BA6597EED}.Release|Any CPU.ActiveCfg = Release|Any CPU
		{50C484D0-35C8-4837-8616-252BA6597EED}.Release|Any CPU.Build.0 = Release|Any CPU
	EndGlobalSection
	GlobalSection(SolutionProperties) = preSolution
		HideSolutionNode = FALSE
	EndGlobalSection
EndGlobal
